
Microsoft Visual Studio Solution File, Format Version 11.00
# Visual Studio 2010
Project("{FAE04EC0-301F-11D3-BF4B-00C04F79EFBC}") = "LagerWP7", "LagerWP7\LagerWP7.csproj", "{6EF2E557-CC22-4AE0-972B-1434D61C1220}"
EndProject
Project("{FAE04EC0-301F-11D3-BF4B-00C04F79EFBC}") = "UntappdAPI.SL", "UntappdAPI.SL\UntappdAPI.SL.csproj", "{8851DECC-2265-4703-ACF9-12E155AEFBD3}"
EndProject
Project("{FAE04EC0-301F-11D3-BF4B-00C04F79EFBC}") = "ShakeGestures", "ShakeGestures\ShakeGestures.csproj", "{F5CE25E6-CF76-43AE-BBB2-2C98B21BCCD8}"
EndProject
Project("{FAE04EC0-301F-11D3-BF4B-00C04F79EFBC}") = "LinkLabel", "LinkLabel\LinkLabel.csproj", "{BD2E71AB-F8C8-42EE-8EF0-0B5854B146CE}"
EndProject
Global
	GlobalSection(SolutionConfigurationPlatforms) = preSolution
		Debug|Any CPU = Debug|Any CPU
		Release|Any CPU = Release|Any CPU
	EndGlobalSection
	GlobalSection(ProjectConfigurationPlatforms) = postSolution
		{6EF2E557-CC22-4AE0-972B-1434D61C1220}.Debug|Any CPU.ActiveCfg = Debug|Any CPU
		{6EF2E557-CC22-4AE0-972B-1434D61C1220}.Debug|Any CPU.Build.0 = Debug|Any CPU
		{6EF2E557-CC22-4AE0-972B-1434D61C1220}.Debug|Any CPU.Deploy.0 = Debug|Any CPU
		{6EF2E557-CC22-4AE0-972B-1434D61C1220}.Release|Any CPU.ActiveCfg = Release|Any CPU
		{6EF2E557-CC22-4AE0-972B-1434D61C1220}.Release|Any CPU.Build.0 = Release|Any CPU
		{6EF2E557-CC22-4AE0-972B-1434D61C1220}.Release|Any CPU.Deploy.0 = Release|Any CPU
		{8851DECC-2265-4703-ACF9-12E155AEFBD3}.Debug|Any CPU.ActiveCfg = Debug|Any CPU
		{8851DECC-2265-4703-ACF9-12E155AEFBD3}.Debug|Any CPU.Build.0 = Debug|Any CPU
		{8851DECC-2265-4703-ACF9-12E155AEFBD3}.Release|Any CPU.ActiveCfg = Release|Any CPU
		{8851DECC-2265-4703-ACF9-12E155AEFBD3}.Release|Any CPU.Build.0 = Release|Any CPU
		{F5CE25E6-CF76-43AE-BBB2-2C98B21BCCD8}.Debug|Any CPU.ActiveCfg = Debug|Any CPU
		{F5CE25E6-CF76-43AE-BBB2-2C98B21BCCD8}.Debug|Any CPU.Build.0 = Debug|Any CPU
		{F5CE25E6-CF76-43AE-BBB2-2C98B21BCCD8}.Release|Any CPU.ActiveCfg = Release|Any CPU
		{F5CE25E6-CF76-43AE-BBB2-2C98B21BCCD8}.Release|Any CPU.Build.0 = Release|Any CPU
		{BD2E71AB-F8C8-42EE-8EF0-0B5854B146CE}.Debug|Any CPU.ActiveCfg = Debug|Any CPU
		{BD2E71AB-F8C8-42EE-8EF0-0B5854B146CE}.Debug|Any CPU.Build.0 = Debug|Any CPU
		{BD2E71AB-F8C8-42EE-8EF0-0B5854B146CE}.Release|Any CPU.ActiveCfg = Release|Any CPU
		{BD2E71AB-F8C8-42EE-8EF0-0B5854B146CE}.Release|Any CPU.Build.0 = Release|Any CPU
	EndGlobalSection
	GlobalSection(SolutionProperties) = preSolution
		HideSolutionNode = FALSE
	EndGlobalSection
EndGlobal
